
Microsoft Visual Studio Solution File, Format Version 12.00
# Visual Studio Version 17
VisualStudioVersion = 17.4.33213.308
MinimumVisualStudioVersion = 10.0.40219.1
Project("{FAE04EC0-301F-11D3-BF4B-00C04F79EFBC}") = "MyWeatherServer", "MyWeatherServer\MyWeatherServer.csproj", "{62B35BCC-CCCE-4365-BCF0-950D52B61D0A}"
EndProject
Project("{E53339B2-1760-4266-BCC7-CA923CBCF16C}") = "docker-compose", "docker-compose.dcproj", "{A9AD913E-3C2F-43DC-A3B2-5BC5804BECBE}"
EndProject
Global
	GlobalSection(SolutionConfigurationPlatforms) = preSolution
		Debug|Any CPU = Debug|Any CPU
		Release|Any CPU = Release|Any CPU
	EndGlobalSection
	GlobalSection(ProjectConfigurationPlatforms) = postSolution
		{62B35BCC-CCCE-4365-BCF0-950D52B61D0A}.Debug|Any CPU.ActiveCfg = Debug|Any CPU
		{62B35BCC-CCCE-4365-BCF0-950D52B61D0A}.Debug|Any CPU.Build.0 = Debug|Any CPU
		{62B35BCC-CCCE-4365-BCF0-950D52B61D0A}.Release|Any CPU.ActiveCfg = Release|Any CPU
		{62B35BCC-CCCE-4365-BCF0-950D52B61D0A}.Release|Any CPU.Build.0 = Release|Any CPU
		{A9AD913E-3C2F-43DC-A3B2-5BC5804BECBE}.Debug|Any CPU.ActiveCfg = Debug|Any CPU
		{A9AD913E-3C2F-43DC-A3B2-5BC5804BECBE}.Debug|Any CPU.Build.0 = Debug|Any CPU
		{A9AD913E-3C2F-43DC-A3B2-5BC5804BECBE}.Release|Any CPU.ActiveCfg = Release|Any CPU
		{A9AD913E-3C2F-43DC-A3B2-5BC5804BECBE}.Release|Any CPU.Build.0 = Release|Any CPU
	EndGlobalSection
	GlobalSection(SolutionProperties) = preSolution
		HideSolutionNode = FALSE
	EndGlobalSection
	GlobalSection(ExtensibilityGlobals) = postSolution
		SolutionGuid = {4A0CB8DD-9E19-4BCB-8D10-FF967F9FFF14}
	EndGlobalSection
EndGlobal
