
Microsoft Visual Studio Solution File, Format Version 12.00
# Visual Studio Version 17
VisualStudioVersion = 17.4.33213.308
MinimumVisualStudioVersion = 10.0.40219.1
Project("{FAE04EC0-301F-11D3-BF4B-00C04F79EFBC}") = "Server", "Server\Server.csproj", "{75CA7384-63B6-4FC0-8E67-18FA7DC2BB99}"
EndProject
Project("{E53339B2-1760-4266-BCC7-CA923CBCF16C}") = "docker-compose", "docker-compose.dcproj", "{E257451E-E033-4A62-B682-8D9A70B7B0ED}"
EndProject
Project("{FAE04EC0-301F-11D3-BF4B-00C04F79EFBC}") = "Domain", "Domain\Domain.csproj", "{95AFE412-1A8F-483A-AD4D-B7CF02A04747}"
EndProject
Project("{2150E333-8FDC-42A3-9474-1A3956D46DE8}") = "Framework", "Framework", "{DE5A00D8-58BC-438D-8CF5-8CBE6868BD27}"
EndProject
Project("{FAE04EC0-301F-11D3-BF4B-00C04F79EFBC}") = "Core", "Core\Core.csproj", "{10C2E827-F17B-4CFB-8FF1-3949E1C64485}"
EndProject
Project("{FAE04EC0-301F-11D3-BF4B-00C04F79EFBC}") = "Exceptions", "Exceptions\Exceptions.csproj", "{8C0C9EF7-35BC-4321-A405-E2E9566725E4}"
EndProject
Project("{FAE04EC0-301F-11D3-BF4B-00C04F79EFBC}") = "Utils", "Utils\Utils.csproj", "{AD366233-BE1C-4024-9D3B-816B2BBD8FB3}"
EndProject
Project("{FAE04EC0-301F-11D3-BF4B-00C04F79EFBC}") = "UseCases.Abstractions", "UseCases.Abstractions\UseCases.Abstractions.csproj", "{18D3B39B-C763-4973-B6E6-68284D1DA16B}"
EndProject
Project("{FAE04EC0-301F-11D3-BF4B-00C04F79EFBC}") = "UseCases", "UseCases\UseCases.csproj", "{F764D488-4801-45CE-A2DF-BF5AC94900B9}"
EndProject
Project("{FAE04EC0-301F-11D3-BF4B-00C04F79EFBC}") = "DataAccess.Abstractions", "DataAccess.Abstractions\DataAccess.Abstractions.csproj", "{4537CB42-3618-4454-AA88-B7F6C33E3BEB}"
EndProject
Project("{FAE04EC0-301F-11D3-BF4B-00C04F79EFBC}") = "DataAccess.Npgsql", "DataAccess.Npgsql\DataAccess.Npgsql.csproj", "{4D246D35-1279-49BD-A1CC-79FAD7367137}"
EndProject
Project("{FAE04EC0-301F-11D3-BF4B-00C04F79EFBC}") = "Controllers", "Controllers\Controllers.csproj", "{1FB819A7-D7A4-426D-ABA9-F8595BFF3D72}"
EndProject
Global
	GlobalSection(SolutionConfigurationPlatforms) = preSolution
		Debug|Any CPU = Debug|Any CPU
		Release|Any CPU = Release|Any CPU
	EndGlobalSection
	GlobalSection(ProjectConfigurationPlatforms) = postSolution
		{75CA7384-63B6-4FC0-8E67-18FA7DC2BB99}.Debug|Any CPU.ActiveCfg = Debug|Any CPU
		{75CA7384-63B6-4FC0-8E67-18FA7DC2BB99}.Debug|Any CPU.Build.0 = Debug|Any CPU
		{75CA7384-63B6-4FC0-8E67-18FA7DC2BB99}.Release|Any CPU.ActiveCfg = Release|Any CPU
		{75CA7384-63B6-4FC0-8E67-18FA7DC2BB99}.Release|Any CPU.Build.0 = Release|Any CPU
		{E257451E-E033-4A62-B682-8D9A70B7B0ED}.Debug|Any CPU.ActiveCfg = Debug|Any CPU
		{E257451E-E033-4A62-B682-8D9A70B7B0ED}.Debug|Any CPU.Build.0 = Debug|Any CPU
		{E257451E-E033-4A62-B682-8D9A70B7B0ED}.Release|Any CPU.ActiveCfg = Release|Any CPU
		{E257451E-E033-4A62-B682-8D9A70B7B0ED}.Release|Any CPU.Build.0 = Release|Any CPU
		{95AFE412-1A8F-483A-AD4D-B7CF02A04747}.Debug|Any CPU.ActiveCfg = Debug|Any CPU
		{95AFE412-1A8F-483A-AD4D-B7CF02A04747}.Debug|Any CPU.Build.0 = Debug|Any CPU
		{95AFE412-1A8F-483A-AD4D-B7CF02A04747}.Release|Any CPU.ActiveCfg = Release|Any CPU
		{95AFE412-1A8F-483A-AD4D-B7CF02A04747}.Release|Any CPU.Build.0 = Release|Any CPU
		{10C2E827-F17B-4CFB-8FF1-3949E1C64485}.Debug|Any CPU.ActiveCfg = Debug|Any CPU
		{10C2E827-F17B-4CFB-8FF1-3949E1C64485}.Debug|Any CPU.Build.0 = Debug|Any CPU
		{10C2E827-F17B-4CFB-8FF1-3949E1C64485}.Release|Any CPU.ActiveCfg = Release|Any CPU
		{10C2E827-F17B-4CFB-8FF1-3949E1C64485}.Release|Any CPU.Build.0 = Release|Any CPU
		{8C0C9EF7-35BC-4321-A405-E2E9566725E4}.Debug|Any CPU.ActiveCfg = Debug|Any CPU
		{8C0C9EF7-35BC-4321-A405-E2E9566725E4}.Debug|Any CPU.Build.0 = Debug|Any CPU
		{8C0C9EF7-35BC-4321-A405-E2E9566725E4}.Release|Any CPU.ActiveCfg = Release|Any CPU
		{8C0C9EF7-35BC-4321-A405-E2E9566725E4}.Release|Any CPU.Build.0 = Release|Any CPU
		{AD366233-BE1C-4024-9D3B-816B2BBD8FB3}.Debug|Any CPU.ActiveCfg = Debug|Any CPU
		{AD366233-BE1C-4024-9D3B-816B2BBD8FB3}.Debug|Any CPU.Build.0 = Debug|Any CPU
		{AD366233-BE1C-4024-9D3B-816B2BBD8FB3}.Release|Any CPU.ActiveCfg = Release|Any CPU
		{AD366233-BE1C-4024-9D3B-816B2BBD8FB3}.Release|Any CPU.Build.0 = Release|Any CPU
		{18D3B39B-C763-4973-B6E6-68284D1DA16B}.Debug|Any CPU.ActiveCfg = Debug|Any CPU
		{18D3B39B-C763-4973-B6E6-68284D1DA16B}.Debug|Any CPU.Build.0 = Debug|Any CPU
		{18D3B39B-C763-4973-B6E6-68284D1DA16B}.Release|Any CPU.ActiveCfg = Release|Any CPU
		{18D3B39B-C763-4973-B6E6-68284D1DA16B}.Release|Any CPU.Build.0 = Release|Any CPU
		{F764D488-4801-45CE-A2DF-BF5AC94900B9}.Debug|Any CPU.ActiveCfg = Debug|Any CPU
		{F764D488-4801-45CE-A2DF-BF5AC94900B9}.Debug|Any CPU.Build.0 = Debug|Any CPU
		{F764D488-4801-45CE-A2DF-BF5AC94900B9}.Release|Any CPU.ActiveCfg = Release|Any CPU
		{F764D488-4801-45CE-A2DF-BF5AC94900B9}.Release|Any CPU.Build.0 = Release|Any CPU
		{4537CB42-3618-4454-AA88-B7F6C33E3BEB}.Debug|Any CPU.ActiveCfg = Debug|Any CPU
		{4537CB42-3618-4454-AA88-B7F6C33E3BEB}.Debug|Any CPU.Build.0 = Debug|Any CPU
		{4537CB42-3618-4454-AA88-B7F6C33E3BEB}.Release|Any CPU.ActiveCfg = Release|Any CPU
		{4537CB42-3618-4454-AA88-B7F6C33E3BEB}.Release|Any CPU.Build.0 = Release|Any CPU
		{4D246D35-1279-49BD-A1CC-79FAD7367137}.Debug|Any CPU.ActiveCfg = Debug|Any CPU
		{4D246D35-1279-49BD-A1CC-79FAD7367137}.Debug|Any CPU.Build.0 = Debug|Any CPU
		{4D246D35-1279-49BD-A1CC-79FAD7367137}.Release|Any CPU.ActiveCfg = Release|Any CPU
		{4D246D35-1279-49BD-A1CC-79FAD7367137}.Release|Any CPU.Build.0 = Release|Any CPU
		{1FB819A7-D7A4-426D-ABA9-F8595BFF3D72}.Debug|Any CPU.ActiveCfg = Debug|Any CPU
		{1FB819A7-D7A4-426D-ABA9-F8595BFF3D72}.Debug|Any CPU.Build.0 = Debug|Any CPU
		{1FB819A7-D7A4-426D-ABA9-F8595BFF3D72}.Release|Any CPU.ActiveCfg = Release|Any CPU
		{1FB819A7-D7A4-426D-ABA9-F8595BFF3D72}.Release|Any CPU.Build.0 = Release|Any CPU
	EndGlobalSection
	GlobalSection(SolutionProperties) = preSolution
		HideSolutionNode = FALSE
	EndGlobalSection
	GlobalSection(NestedProjects) = preSolution
		{10C2E827-F17B-4CFB-8FF1-3949E1C64485} = {DE5A00D8-58BC-438D-8CF5-8CBE6868BD27}
		{8C0C9EF7-35BC-4321-A405-E2E9566725E4} = {DE5A00D8-58BC-438D-8CF5-8CBE6868BD27}
		{AD366233-BE1C-4024-9D3B-816B2BBD8FB3} = {DE5A00D8-58BC-438D-8CF5-8CBE6868BD27}
	EndGlobalSection
	GlobalSection(ExtensibilityGlobals) = postSolution
		SolutionGuid = {1AA15C6D-E21F-4336-8A9F-81DBDA1F7180}
	EndGlobalSection
EndGlobal
